// !$*UTF8*$!
{
	archiveVersion = 1;
	classes = {
	};
	objectVersion = 50;
	objects = {

/* Begin PBXBuildFile section */
		8312797E24F10E750007DA9C /* HomeCategoryCollectionViewCell.swift in Sources */ = {isa = PBXBuildFile; fileRef = 8312797C24F10E750007DA9C /* HomeCategoryCollectionViewCell.swift */; };
		8312797F24F10E750007DA9C /* HomeCategoryCollectionViewCell.xib in Resources */ = {isa = PBXBuildFile; fileRef = 8312797D24F10E750007DA9C /* HomeCategoryCollectionViewCell.xib */; };
		8324006924F40237006C5536 /* ItemBoxCollectionViewCell.swift in Sources */ = {isa = PBXBuildFile; fileRef = 8324006724F40237006C5536 /* ItemBoxCollectionViewCell.swift */; };
		8324006A24F40237006C5536 /* ItemBoxCollectionViewCell.xib in Resources */ = {isa = PBXBuildFile; fileRef = 8324006824F40237006C5536 /* ItemBoxCollectionViewCell.xib */; };
		8324006E24F436AC006C5536 /* ItemBoxTableViewCell.swift in Sources */ = {isa = PBXBuildFile; fileRef = 8324006C24F436AC006C5536 /* ItemBoxTableViewCell.swift */; };
		8324006F24F436AC006C5536 /* ItemBoxTableViewCell.xib in Resources */ = {isa = PBXBuildFile; fileRef = 8324006D24F436AC006C5536 /* ItemBoxTableViewCell.xib */; };
		8324007224F43890006C5536 /* Model.swift in Sources */ = {isa = PBXBuildFile; fileRef = 8324007124F43890006C5536 /* Model.swift */; };
		8324007724F43DFF006C5536 /* Storyboard 2.storyboard in Resources */ = {isa = PBXBuildFile; fileRef = 8324007624F43DFF006C5536 /* Storyboard 2.storyboard */; };
		8324007A24F43E90006C5536 /* CategoryExpandViewController.swift in Sources */ = {isa = PBXBuildFile; fileRef = 8324007924F43E90006C5536 /* CategoryExpandViewController.swift */; };
		835F7A4224E92EE700F928C6 /* MidTableViewCell.swift in Sources */ = {isa = PBXBuildFile; fileRef = 835F7A4024E92EE700F928C6 /* MidTableViewCell.swift */; };
		835F7A4324E92EE700F928C6 /* MidTableViewCell.xib in Resources */ = {isa = PBXBuildFile; fileRef = 835F7A4124E92EE700F928C6 /* MidTableViewCell.xib */; };
		835F7A4A24E92FB100F928C6 /* TopPartCollectionViewCell.swift in Sources */ = {isa = PBXBuildFile; fileRef = 835F7A4824E92FB100F928C6 /* TopPartCollectionViewCell.swift */; };
		835F7A4B24E92FB100F928C6 /* TopPartCollectionViewCell.xib in Resources */ = {isa = PBXBuildFile; fileRef = 835F7A4924E92FB100F928C6 /* TopPartCollectionViewCell.xib */; };
		835F7A4E24E93FB700F928C6 /* DashboardViewController.swift in Sources */ = {isa = PBXBuildFile; fileRef = 835F7A4D24E93FB700F928C6 /* DashboardViewController.swift */; };
		835F7A5024E9527200F928C6 /* Color + Extension.swift in Sources */ = {isa = PBXBuildFile; fileRef = 835F7A4F24E9527200F928C6 /* Color + Extension.swift */; };
		835F7A5224E9548900F928C6 /* GradientButton.swift in Sources */ = {isa = PBXBuildFile; fileRef = 835F7A5124E9548900F928C6 /* GradientButton.swift */; };
		8384A13324E5B0E6009005DB /* RegisterViewController.swift in Sources */ = {isa = PBXBuildFile; fileRef = 8384A13224E5B0E6009005DB /* RegisterViewController.swift */; };
		8384A13524E5B105009005DB /* SignUpViewController.swift in Sources */ = {isa = PBXBuildFile; fileRef = 8384A13424E5B105009005DB /* SignUpViewController.swift */; };
		8385961724F2913500D9A0BF /* HomeCategoryTableViewCell.swift in Sources */ = {isa = PBXBuildFile; fileRef = 8385961524F2913500D9A0BF /* HomeCategoryTableViewCell.swift */; };
		8385961824F2913500D9A0BF /* HomeCategoryTableViewCell.xib in Resources */ = {isa = PBXBuildFile; fileRef = 8385961624F2913500D9A0BF /* HomeCategoryTableViewCell.xib */; };
		838BC08624E45A0100CDFC0F /* AppDelegate.swift in Sources */ = {isa = PBXBuildFile; fileRef = 838BC08524E45A0100CDFC0F /* AppDelegate.swift */; };
		838BC08824E45A0100CDFC0F /* SceneDelegate.swift in Sources */ = {isa = PBXBuildFile; fileRef = 838BC08724E45A0100CDFC0F /* SceneDelegate.swift */; };
		838BC08A24E45A0100CDFC0F /* ViewController.swift in Sources */ = {isa = PBXBuildFile; fileRef = 838BC08924E45A0100CDFC0F /* ViewController.swift */; };
		838BC08D24E45A0100CDFC0F /* Main.storyboard in Resources */ = {isa = PBXBuildFile; fileRef = 838BC08B24E45A0100CDFC0F /* Main.storyboard */; };
		838BC08F24E45A0300CDFC0F /* Assets.xcassets in Resources */ = {isa = PBXBuildFile; fileRef = 838BC08E24E45A0300CDFC0F /* Assets.xcassets */; };
		838BC09224E45A0300CDFC0F /* LaunchScreen.storyboard in Resources */ = {isa = PBXBuildFile; fileRef = 838BC09024E45A0300CDFC0F /* LaunchScreen.storyboard */; };
		838BC09D24E45A0300CDFC0F /* PurvaFreshiOSAppTests.swift in Sources */ = {isa = PBXBuildFile; fileRef = 838BC09C24E45A0300CDFC0F /* PurvaFreshiOSAppTests.swift */; };
		838BC0A824E45A0300CDFC0F /* PurvaFreshiOSAppUITests.swift in Sources */ = {isa = PBXBuildFile; fileRef = 838BC0A724E45A0300CDFC0F /* PurvaFreshiOSAppUITests.swift */; };
		838BC0B924E45A4D00CDFC0F /* Nam.swift in Sources */ = {isa = PBXBuildFile; fileRef = 838BC0B824E45A4D00CDFC0F /* Nam.swift */; };
		838E4EB724E673920092CFF0 /* PaymentMethodViewController.swift in Sources */ = {isa = PBXBuildFile; fileRef = 838E4EB624E673920092CFF0 /* PaymentMethodViewController.swift */; };
/* End PBXBuildFile section */

/* Begin PBXContainerItemProxy section */
		838BC09924E45A0300CDFC0F /* PBXContainerItemProxy */ = {
			isa = PBXContainerItemProxy;
			containerPortal = 838BC07A24E45A0100CDFC0F /* Project object */;
			proxyType = 1;
			remoteGlobalIDString = 838BC08124E45A0100CDFC0F;
			remoteInfo = PurvaFreshiOSApp;
		};
		838BC0A424E45A0300CDFC0F /* PBXContainerItemProxy */ = {
			isa = PBXContainerItemProxy;
			containerPortal = 838BC07A24E45A0100CDFC0F /* Project object */;
			proxyType = 1;
			remoteGlobalIDString = 838BC08124E45A0100CDFC0F;
			remoteInfo = PurvaFreshiOSApp;
		};
/* End PBXContainerItemProxy section */

/* Begin PBXFileReference section */
		8312797C24F10E750007DA9C /* HomeCategoryCollectionViewCell.swift */ = {isa = PBXFileReference; lastKnownFileType = sourcecode.swift; path = HomeCategoryCollectionViewCell.swift; sourceTree = "<group>"; };
		8312797D24F10E750007DA9C /* HomeCategoryCollectionViewCell.xib */ = {isa = PBXFileReference; lastKnownFileType = file.xib; path = HomeCategoryCollectionViewCell.xib; sourceTree = "<group>"; };
		8324006724F40237006C5536 /* ItemBoxCollectionViewCell.swift */ = {isa = PBXFileReference; lastKnownFileType = sourcecode.swift; path = ItemBoxCollectionViewCell.swift; sourceTree = "<group>"; };
		8324006824F40237006C5536 /* ItemBoxCollectionViewCell.xib */ = {isa = PBXFileReference; lastKnownFileType = file.xib; path = ItemBoxCollectionViewCell.xib; sourceTree = "<group>"; };
		8324006C24F436AC006C5536 /* ItemBoxTableViewCell.swift */ = {isa = PBXFileReference; lastKnownFileType = sourcecode.swift; path = ItemBoxTableViewCell.swift; sourceTree = "<group>"; };
		8324006D24F436AC006C5536 /* ItemBoxTableViewCell.xib */ = {isa = PBXFileReference; lastKnownFileType = file.xib; path = ItemBoxTableViewCell.xib; sourceTree = "<group>"; };
		8324007124F43890006C5536 /* Model.swift */ = {isa = PBXFileReference; lastKnownFileType = sourcecode.swift; path = Model.swift; sourceTree = "<group>"; };
		8324007624F43DFF006C5536 /* Storyboard 2.storyboard */ = {isa = PBXFileReference; lastKnownFileType = file.storyboard; path = "Storyboard 2.storyboard"; sourceTree = "<group>"; };
		8324007924F43E90006C5536 /* CategoryExpandViewController.swift */ = {isa = PBXFileReference; lastKnownFileType = sourcecode.swift; path = CategoryExpandViewController.swift; sourceTree = "<group>"; };
		835F7A4024E92EE700F928C6 /* MidTableViewCell.swift */ = {isa = PBXFileReference; lastKnownFileType = sourcecode.swift; path = MidTableViewCell.swift; sourceTree = "<group>"; };
		835F7A4124E92EE700F928C6 /* MidTableViewCell.xib */ = {isa = PBXFileReference; lastKnownFileType = file.xib; path = MidTableViewCell.xib; sourceTree = "<group>"; };
		835F7A4824E92FB100F928C6 /* TopPartCollectionViewCell.swift */ = {isa = PBXFileReference; lastKnownFileType = sourcecode.swift; path = TopPartCollectionViewCell.swift; sourceTree = "<group>"; };
		835F7A4924E92FB100F928C6 /* TopPartCollectionViewCell.xib */ = {isa = PBXFileReference; lastKnownFileType = file.xib; path = TopPartCollectionViewCell.xib; sourceTree = "<group>"; };
		835F7A4D24E93FB700F928C6 /* DashboardViewController.swift */ = {isa = PBXFileReference; lastKnownFileType = sourcecode.swift; path = DashboardViewController.swift; sourceTree = "<group>"; };
		835F7A4F24E9527200F928C6 /* Color + Extension.swift */ = {isa = PBXFileReference; lastKnownFileType = sourcecode.swift; path = "Color + Extension.swift"; sourceTree = "<group>"; };
		835F7A5124E9548900F928C6 /* GradientButton.swift */ = {isa = PBXFileReference; lastKnownFileType = sourcecode.swift; path = GradientButton.swift; sourceTree = "<group>"; };
		8384A13224E5B0E6009005DB /* RegisterViewController.swift */ = {isa = PBXFileReference; lastKnownFileType = sourcecode.swift; path = RegisterViewController.swift; sourceTree = "<group>"; };
		8384A13424E5B105009005DB /* SignUpViewController.swift */ = {isa = PBXFileReference; lastKnownFileType = sourcecode.swift; path = SignUpViewController.swift; sourceTree = "<group>"; };
		8385961524F2913500D9A0BF /* HomeCategoryTableViewCell.swift */ = {isa = PBXFileReference; lastKnownFileType = sourcecode.swift; path = HomeCategoryTableViewCell.swift; sourceTree = "<group>"; };
		8385961624F2913500D9A0BF /* HomeCategoryTableViewCell.xib */ = {isa = PBXFileReference; lastKnownFileType = file.xib; path = HomeCategoryTableViewCell.xib; sourceTree = "<group>"; };
		838BC08224E45A0100CDFC0F /* PurvaFreshiOSApp.app */ = {isa = PBXFileReference; explicitFileType = wrapper.application; includeInIndex = 0; path = PurvaFreshiOSApp.app; sourceTree = BUILT_PRODUCTS_DIR; };
		838BC08524E45A0100CDFC0F /* AppDelegate.swift */ = {isa = PBXFileReference; lastKnownFileType = sourcecode.swift; path = AppDelegate.swift; sourceTree = "<group>"; };
		838BC08724E45A0100CDFC0F /* SceneDelegate.swift */ = {isa = PBXFileReference; lastKnownFileType = sourcecode.swift; path = SceneDelegate.swift; sourceTree = "<group>"; };
		838BC08924E45A0100CDFC0F /* ViewController.swift */ = {isa = PBXFileReference; lastKnownFileType = sourcecode.swift; path = ViewController.swift; sourceTree = "<group>"; };
		838BC08C24E45A0100CDFC0F /* Base */ = {isa = PBXFileReference; lastKnownFileType = file.storyboard; name = Base; path = Base.lproj/Main.storyboard; sourceTree = "<group>"; };
		838BC08E24E45A0300CDFC0F /* Assets.xcassets */ = {isa = PBXFileReference; lastKnownFileType = folder.assetcatalog; path = Assets.xcassets; sourceTree = "<group>"; };
		838BC09124E45A0300CDFC0F /* Base */ = {isa = PBXFileReference; lastKnownFileType = file.storyboard; name = Base; path = Base.lproj/LaunchScreen.storyboard; sourceTree = "<group>"; };
		838BC09324E45A0300CDFC0F /* Info.plist */ = {isa = PBXFileReference; lastKnownFileType = text.plist.xml; path = Info.plist; sourceTree = "<group>"; };
		838BC09824E45A0300CDFC0F /* PurvaFreshiOSAppTests.xctest */ = {isa = PBXFileReference; explicitFileType = wrapper.cfbundle; includeInIndex = 0; path = PurvaFreshiOSAppTests.xctest; sourceTree = BUILT_PRODUCTS_DIR; };
		838BC09C24E45A0300CDFC0F /* PurvaFreshiOSAppTests.swift */ = {isa = PBXFileReference; lastKnownFileType = sourcecode.swift; path = PurvaFreshiOSAppTests.swift; sourceTree = "<group>"; };
		838BC09E24E45A0300CDFC0F /* Info.plist */ = {isa = PBXFileReference; lastKnownFileType = text.plist.xml; path = Info.plist; sourceTree = "<group>"; };
		838BC0A324E45A0300CDFC0F /* PurvaFreshiOSAppUITests.xctest */ = {isa = PBXFileReference; explicitFileType = wrapper.cfbundle; includeInIndex = 0; path = PurvaFreshiOSAppUITests.xctest; sourceTree = BUILT_PRODUCTS_DIR; };
		838BC0A724E45A0300CDFC0F /* PurvaFreshiOSAppUITests.swift */ = {isa = PBXFileReference; lastKnownFileType = sourcecode.swift; path = PurvaFreshiOSAppUITests.swift; sourceTree = "<group>"; };
		838BC0A924E45A0300CDFC0F /* Info.plist */ = {isa = PBXFileReference; lastKnownFileType = text.plist.xml; path = Info.plist; sourceTree = "<group>"; };
		838BC0B824E45A4D00CDFC0F /* Nam.swift */ = {isa = PBXFileReference; lastKnownFileType = sourcecode.swift; path = Nam.swift; sourceTree = "<group>"; };
		838E4EB624E673920092CFF0 /* PaymentMethodViewController.swift */ = {isa = PBXFileReference; lastKnownFileType = sourcecode.swift; path = PaymentMethodViewController.swift; sourceTree = "<group>"; };
/* End PBXFileReference section */

/* Begin PBXFrameworksBuildPhase section */
		838BC07F24E45A0100CDFC0F /* Frameworks */ = {
			isa = PBXFrameworksBuildPhase;
			buildActionMask = 2147483647;
			files = (
			);
			runOnlyForDeploymentPostprocessing = 0;
		};
		838BC09524E45A0300CDFC0F /* Frameworks */ = {
			isa = PBXFrameworksBuildPhase;
			buildActionMask = 2147483647;
			files = (
			);
			runOnlyForDeploymentPostprocessing = 0;
		};
		838BC0A024E45A0300CDFC0F /* Frameworks */ = {
			isa = PBXFrameworksBuildPhase;
			buildActionMask = 2147483647;
			files = (
			);
			runOnlyForDeploymentPostprocessing = 0;
		};
/* End PBXFrameworksBuildPhase section */

/* Begin PBXGroup section */
		8312797724F10D000007DA9C /* HomeCategoryCollectionView */ = {
			isa = PBXGroup;
			children = (
				8312797C24F10E750007DA9C /* HomeCategoryCollectionViewCell.swift */,
				8312797D24F10E750007DA9C /* HomeCategoryCollectionViewCell.xib */,
			);
			path = HomeCategoryCollectionView;
			sourceTree = "<group>";
		};
		8324006424F40171006C5536 /* ButtonCollectionView */ = {
			isa = PBXGroup;
			children = (
				8324006524F40187006C5536 /* Made For You */,
			);
			path = ButtonCollectionView;
			sourceTree = "<group>";
		};
		8324006524F40187006C5536 /* Made For You */ = {
			isa = PBXGroup;
			children = (
				8324006B24F4368E006C5536 /* TableView */,
				8324006624F401B6006C5536 /* CollectionView */,
			);
			path = "Made For You";
			sourceTree = "<group>";
		};
		8324006624F401B6006C5536 /* CollectionView */ = {
			isa = PBXGroup;
			children = (
				8324006724F40237006C5536 /* ItemBoxCollectionViewCell.swift */,
				8324006824F40237006C5536 /* ItemBoxCollectionViewCell.xib */,
			);
			path = CollectionView;
			sourceTree = "<group>";
		};
		8324006B24F4368E006C5536 /* TableView */ = {
			isa = PBXGroup;
			children = (
				8324006C24F436AC006C5536 /* ItemBoxTableViewCell.swift */,
				8324006D24F436AC006C5536 /* ItemBoxTableViewCell.xib */,
			);
			path = TableView;
			sourceTree = "<group>";
		};
		8324007024F43878006C5536 /* Model */ = {
			isa = PBXGroup;
			children = (
				8324007124F43890006C5536 /* Model.swift */,
			);
			path = Model;
			sourceTree = "<group>";
		};
		8324007324F43A5C006C5536 /* Category */ = {
			isa = PBXGroup;
			children = (
				8385961924F2913C00D9A0BF /* HomeCategoryTableViewCell */,
				8312797724F10D000007DA9C /* HomeCategoryCollectionView */,
			);
			path = Category;
			sourceTree = "<group>";
		};
		8324007524F43DDE006C5536 /* Category Expand */ = {
			isa = PBXGroup;
			children = (
			);
			path = "Category Expand";
			sourceTree = "<group>";
		};
		8324007824F43E60006C5536 /* Category Expand Controller */ = {
			isa = PBXGroup;
			children = (
				8324007924F43E90006C5536 /* CategoryExpandViewController.swift */,
			);
			path = "Category Expand Controller";
			sourceTree = "<group>";
		};
		835F7A3524E9285700F928C6 /* Home */ = {
			isa = PBXGroup;
			children = (
				8324006424F40171006C5536 /* ButtonCollectionView */,
				8324007324F43A5C006C5536 /* Category */,
				835F7A4C24E9371200F928C6 /* TableView */,
				835F7A3B24E92E9600F928C6 /* TopCollectionView */,
			);
			path = Home;
			sourceTree = "<group>";
		};
		835F7A3B24E92E9600F928C6 /* TopCollectionView */ = {
			isa = PBXGroup;
			children = (
				8385961424F290A100D9A0BF /* Banner */,
			);
			path = TopCollectionView;
			sourceTree = "<group>";
		};
		835F7A4C24E9371200F928C6 /* TableView */ = {
			isa = PBXGroup;
			children = (
				8385961324F2908E00D9A0BF /* Banner */,
			);
			path = TableView;
			sourceTree = "<group>";
		};
		8385961324F2908E00D9A0BF /* Banner */ = {
			isa = PBXGroup;
			children = (
				835F7A4024E92EE700F928C6 /* MidTableViewCell.swift */,
				835F7A4124E92EE700F928C6 /* MidTableViewCell.xib */,
			);
			path = Banner;
			sourceTree = "<group>";
		};
		8385961424F290A100D9A0BF /* Banner */ = {
			isa = PBXGroup;
			children = (
				835F7A4824E92FB100F928C6 /* TopPartCollectionViewCell.swift */,
				835F7A4924E92FB100F928C6 /* TopPartCollectionViewCell.xib */,
			);
			path = Banner;
			sourceTree = "<group>";
		};
		8385961924F2913C00D9A0BF /* HomeCategoryTableViewCell */ = {
			isa = PBXGroup;
			children = (
				8385961524F2913500D9A0BF /* HomeCategoryTableViewCell.swift */,
				8385961624F2913500D9A0BF /* HomeCategoryTableViewCell.xib */,
			);
			path = HomeCategoryTableViewCell;
			sourceTree = "<group>";
		};
		838BC07924E45A0100CDFC0F = {
			isa = PBXGroup;
			children = (
				838BC08424E45A0100CDFC0F /* PurvaFreshiOSApp */,
				838BC09B24E45A0300CDFC0F /* PurvaFreshiOSAppTests */,
				838BC0A624E45A0300CDFC0F /* PurvaFreshiOSAppUITests */,
				838BC08324E45A0100CDFC0F /* Products */,
			);
			sourceTree = "<group>";
		};
		838BC08324E45A0100CDFC0F /* Products */ = {
			isa = PBXGroup;
			children = (
				838BC08224E45A0100CDFC0F /* PurvaFreshiOSApp.app */,
				838BC09824E45A0300CDFC0F /* PurvaFreshiOSAppTests.xctest */,
				838BC0A324E45A0300CDFC0F /* PurvaFreshiOSAppUITests.xctest */,
			);
			name = Products;
			sourceTree = "<group>";
		};
		838BC08424E45A0100CDFC0F /* PurvaFreshiOSApp */ = {
			isa = PBXGroup;
			children = (
				838BC08524E45A0100CDFC0F /* AppDelegate.swift */,
				838BC08724E45A0100CDFC0F /* SceneDelegate.swift */,
				838BC09324E45A0300CDFC0F /* Info.plist */,
				8324007024F43878006C5536 /* Model */,
				838BC0B524E45A1400CDFC0F /* Controller */,
				838BC0B624E45A1C00CDFC0F /* View */,
				838BC0B724E45A3500CDFC0F /* Supporting */,
				835F7A4F24E9527200F928C6 /* Color + Extension.swift */,
				835F7A5124E9548900F928C6 /* GradientButton.swift */,
			);
			path = PurvaFreshiOSApp;
			sourceTree = "<group>";
		};
		838BC09B24E45A0300CDFC0F /* PurvaFreshiOSAppTests */ = {
			isa = PBXGroup;
			children = (
				838BC09C24E45A0300CDFC0F /* PurvaFreshiOSAppTests.swift */,
				838BC09E24E45A0300CDFC0F /* Info.plist */,
			);
			path = PurvaFreshiOSAppTests;
			sourceTree = "<group>";
		};
		838BC0A624E45A0300CDFC0F /* PurvaFreshiOSAppUITests */ = {
			isa = PBXGroup;
			children = (
				838BC0A724E45A0300CDFC0F /* PurvaFreshiOSAppUITests.swift */,
				838BC0A924E45A0300CDFC0F /* Info.plist */,
			);
			path = PurvaFreshiOSAppUITests;
			sourceTree = "<group>";
		};
		838BC0B524E45A1400CDFC0F /* Controller */ = {
			isa = PBXGroup;
			children = (
				838BC08924E45A0100CDFC0F /* ViewController.swift */,
				8384A13424E5B105009005DB /* SignUpViewController.swift */,
				8384A13224E5B0E6009005DB /* RegisterViewController.swift */,
				838E4EB624E673920092CFF0 /* PaymentMethodViewController.swift */,
				835F7A4D24E93FB700F928C6 /* DashboardViewController.swift */,
				8324007824F43E60006C5536 /* Category Expand Controller */,
			);
			path = Controller;
			sourceTree = "<group>";
		};
		838BC0B624E45A1C00CDFC0F /* View */ = {
			isa = PBXGroup;
			children = (
				8324007524F43DDE006C5536 /* Category Expand */,
				835F7A3524E9285700F928C6 /* Home */,
				838BC08B24E45A0100CDFC0F /* Main.storyboard */,
				8324007624F43DFF006C5536 /* Storyboard 2.storyboard */,
			);
			path = View;
			sourceTree = "<group>";
		};
		838BC0B724E45A3500CDFC0F /* Supporting */ = {
			isa = PBXGroup;
			children = (
				838BC08E24E45A0300CDFC0F /* Assets.xcassets */,
				838BC09024E45A0300CDFC0F /* LaunchScreen.storyboard */,
				838BC0B824E45A4D00CDFC0F /* Nam.swift */,
			);
			path = Supporting;
			sourceTree = "<group>";
		};
/* End PBXGroup section */

/* Begin PBXNativeTarget section */
		838BC08124E45A0100CDFC0F /* PurvaFreshiOSApp */ = {
			isa = PBXNativeTarget;
			buildConfigurationList = 838BC0AC24E45A0300CDFC0F /* Build configuration list for PBXNativeTarget "PurvaFreshiOSApp" */;
			buildPhases = (
				838BC07E24E45A0100CDFC0F /* Sources */,
				838BC07F24E45A0100CDFC0F /* Frameworks */,
				838BC08024E45A0100CDFC0F /* Resources */,
			);
			buildRules = (
			);
			dependencies = (
			);
			name = PurvaFreshiOSApp;
			productName = PurvaFreshiOSApp;
			productReference = 838BC08224E45A0100CDFC0F /* PurvaFreshiOSApp.app */;
			productType = "com.apple.product-type.application";
		};
		838BC09724E45A0300CDFC0F /* PurvaFreshiOSAppTests */ = {
			isa = PBXNativeTarget;
			buildConfigurationList = 838BC0AF24E45A0300CDFC0F /* Build configuration list for PBXNativeTarget "PurvaFreshiOSAppTests" */;
			buildPhases = (
				838BC09424E45A0300CDFC0F /* Sources */,
				838BC09524E45A0300CDFC0F /* Frameworks */,
				838BC09624E45A0300CDFC0F /* Resources */,
			);
			buildRules = (
			);
			dependencies = (
				838BC09A24E45A0300CDFC0F /* PBXTargetDependency */,
			);
			name = PurvaFreshiOSAppTests;
			productName = PurvaFreshiOSAppTests;
			productReference = 838BC09824E45A0300CDFC0F /* PurvaFreshiOSAppTests.xctest */;
			productType = "com.apple.product-type.bundle.unit-test";
		};
		838BC0A224E45A0300CDFC0F /* PurvaFreshiOSAppUITests */ = {
			isa = PBXNativeTarget;
			buildConfigurationList = 838BC0B224E45A0300CDFC0F /* Build configuration list for PBXNativeTarget "PurvaFreshiOSAppUITests" */;
			buildPhases = (
				838BC09F24E45A0300CDFC0F /* Sources */,
				838BC0A024E45A0300CDFC0F /* Frameworks */,
				838BC0A124E45A0300CDFC0F /* Resources */,
			);
			buildRules = (
			);
			dependencies = (
				838BC0A524E45A0300CDFC0F /* PBXTargetDependency */,
			);
			name = PurvaFreshiOSAppUITests;
			productName = PurvaFreshiOSAppUITests;
			productReference = 838BC0A324E45A0300CDFC0F /* PurvaFreshiOSAppUITests.xctest */;
			productType = "com.apple.product-type.bundle.ui-testing";
		};
/* End PBXNativeTarget section */

/* Begin PBXProject section */
		838BC07A24E45A0100CDFC0F /* Project object */ = {
			isa = PBXProject;
			attributes = {
				LastSwiftUpdateCheck = 1160;
				LastUpgradeCheck = 1160;
				ORGANIZATIONNAME = "Nikit Poudel";
				TargetAttributes = {
					838BC08124E45A0100CDFC0F = {
						CreatedOnToolsVersion = 11.6;
					};
					838BC09724E45A0300CDFC0F = {
						CreatedOnToolsVersion = 11.6;
						TestTargetID = 838BC08124E45A0100CDFC0F;
					};
					838BC0A224E45A0300CDFC0F = {
						CreatedOnToolsVersion = 11.6;
						TestTargetID = 838BC08124E45A0100CDFC0F;
					};
				};
			};
			buildConfigurationList = 838BC07D24E45A0100CDFC0F /* Build configuration list for PBXProject "PurvaFreshiOSApp" */;
			compatibilityVersion = "Xcode 9.3";
			developmentRegion = en;
			hasScannedForEncodings = 0;
			knownRegions = (
				en,
				Base,
			);
			mainGroup = 838BC07924E45A0100CDFC0F;
			productRefGroup = 838BC08324E45A0100CDFC0F /* Products */;
			projectDirPath = "";
			projectRoot = "";
			targets = (
				838BC08124E45A0100CDFC0F /* PurvaFreshiOSApp */,
				838BC09724E45A0300CDFC0F /* PurvaFreshiOSAppTests */,
				838BC0A224E45A0300CDFC0F /* PurvaFreshiOSAppUITests */,
			);
		};
/* End PBXProject section */

/* Begin PBXResourcesBuildPhase section */
		838BC08024E45A0100CDFC0F /* Resources */ = {
			isa = PBXResourcesBuildPhase;
			buildActionMask = 2147483647;
			files = (
				8324006F24F436AC006C5536 /* ItemBoxTableViewCell.xib in Resources */,
				8385961824F2913500D9A0BF /* HomeCategoryTableViewCell.xib in Resources */,
				838BC09224E45A0300CDFC0F /* LaunchScreen.storyboard in Resources */,
				8312797F24F10E750007DA9C /* HomeCategoryCollectionViewCell.xib in Resources */,
				835F7A4B24E92FB100F928C6 /* TopPartCollectionViewCell.xib in Resources */,
				838BC08F24E45A0300CDFC0F /* Assets.xcassets in Resources */,
				8324006A24F40237006C5536 /* ItemBoxCollectionViewCell.xib in Resources */,
				8324007724F43DFF006C5536 /* Storyboard 2.storyboard in Resources */,
				838BC08D24E45A0100CDFC0F /* Main.storyboard in Resources */,
				835F7A4324E92EE700F928C6 /* MidTableViewCell.xib in Resources */,
			);
			runOnlyForDeploymentPostprocessing = 0;
		};
		838BC09624E45A0300CDFC0F /* Resources */ = {
			isa = PBXResourcesBuildPhase;
			buildActionMask = 2147483647;
			files = (
			);
			runOnlyForDeploymentPostprocessing = 0;
		};
		838BC0A124E45A0300CDFC0F /* Resources */ = {
			isa = PBXResourcesBuildPhase;
			buildActionMask = 2147483647;
			files = (
			);
			runOnlyForDeploymentPostprocessing = 0;
		};
/* End PBXResourcesBuildPhase section */

/* Begin PBXSourcesBuildPhase section */
		838BC07E24E45A0100CDFC0F /* Sources */ = {
			isa = PBXSourcesBuildPhase;
			buildActionMask = 2147483647;
			files = (
				8324006E24F436AC006C5536 /* ItemBoxTableViewCell.swift in Sources */,
				8312797E24F10E750007DA9C /* HomeCategoryCollectionViewCell.swift in Sources */,
				8324007A24F43E90006C5536 /* CategoryExpandViewController.swift in Sources */,
				8384A13524E5B105009005DB /* SignUpViewController.swift in Sources */,
				835F7A5024E9527200F928C6 /* Color + Extension.swift in Sources */,
				838BC0B924E45A4D00CDFC0F /* Nam.swift in Sources */,
				835F7A4224E92EE700F928C6 /* MidTableViewCell.swift in Sources */,
				835F7A4A24E92FB100F928C6 /* TopPartCollectionViewCell.swift in Sources */,
				8384A13324E5B0E6009005DB /* RegisterViewController.swift in Sources */,
				8324006924F40237006C5536 /* ItemBoxCollectionViewCell.swift in Sources */,
				838E4EB724E673920092CFF0 /* PaymentMethodViewController.swift in Sources */,
				8324007224F43890006C5536 /* Model.swift in Sources */,
				838BC08A24E45A0100CDFC0F /* ViewController.swift in Sources */,
				835F7A5224E9548900F928C6 /* GradientButton.swift in Sources */,
				8385961724F2913500D9A0BF /* HomeCategoryTableViewCell.swift in Sources */,
				835F7A4E24E93FB700F928C6 /* DashboardViewController.swift in Sources */,
				838BC08624E45A0100CDFC0F /* AppDelegate.swift in Sources */,
				838BC08824E45A0100CDFC0F /* SceneDelegate.swift in Sources */,
			);
			runOnlyForDeploymentPostprocessing = 0;
		};
		838BC09424E45A0300CDFC0F /* Sources */ = {
			isa = PBXSourcesBuildPhase;
			buildActionMask = 2147483647;
			files = (
				838BC09D24E45A0300CDFC0F /* PurvaFreshiOSAppTests.swift in Sources */,
			);
			runOnlyForDeploymentPostprocessing = 0;
		};
		838BC09F24E45A0300CDFC0F /* Sources */ = {
			isa = PBXSourcesBuildPhase;
			buildActionMask = 2147483647;
			files = (
				838BC0A824E45A0300CDFC0F /* PurvaFreshiOSAppUITests.swift in Sources */,
			);
			runOnlyForDeploymentPostprocessing = 0;
		};
/* End PBXSourcesBuildPhase section */

/* Begin PBXTargetDependency section */
		838BC09A24E45A0300CDFC0F /* PBXTargetDependency */ = {
			isa = PBXTargetDependency;
			target = 838BC08124E45A0100CDFC0F /* PurvaFreshiOSApp */;
			targetProxy = 838BC09924E45A0300CDFC0F /* PBXContainerItemProxy */;
		};
		838BC0A524E45A0300CDFC0F /* PBXTargetDependency */ = {
			isa = PBXTargetDependency;
			target = 838BC08124E45A0100CDFC0F /* PurvaFreshiOSApp */;
			targetProxy = 838BC0A424E45A0300CDFC0F /* PBXContainerItemProxy */;
		};
/* End PBXTargetDependency section */

/* Begin PBXVariantGroup section */
		838BC08B24E45A0100CDFC0F /* Main.storyboard */ = {
			isa = PBXVariantGroup;
			children = (
				838BC08C24E45A0100CDFC0F /* Base */,
			);
			name = Main.storyboard;
			sourceTree = "<group>";
		};
		838BC09024E45A0300CDFC0F /* LaunchScreen.storyboard */ = {
			isa = PBXVariantGroup;
			children = (
				838BC09124E45A0300CDFC0F /* Base */,
			);
			name = LaunchScreen.storyboard;
			sourceTree = "<group>";
		};
/* End PBXVariantGroup section */

/* Begin XCBuildConfiguration section */
		838BC0AA24E45A0300CDFC0F /* Debug */ = {
			isa = XCBuildConfiguration;
			buildSettings = {
				ALWAYS_SEARCH_USER_PATHS = NO;
				CLANG_ANALYZER_NONNULL = YES;
				CLANG_ANALYZER_NUMBER_OBJECT_CONVERSION = YES_AGGRESSIVE;
				CLANG_CXX_LANGUAGE_STANDARD = "gnu++14";
				CLANG_CXX_LIBRARY = "libc++";
				CLANG_ENABLE_MODULES = YES;
				CLANG_ENABLE_OBJC_ARC = YES;
				CLANG_ENABLE_OBJC_WEAK = YES;
				CLANG_WARN_BLOCK_CAPTURE_AUTORELEASING = YES;
				CLANG_WARN_BOOL_CONVERSION = YES;
				CLANG_WARN_COMMA = YES;
				CLANG_WARN_CONSTANT_CONVERSION = YES;
				CLANG_WARN_DEPRECATED_OBJC_IMPLEMENTATIONS = YES;
				CLANG_WARN_DIRECT_OBJC_ISA_USAGE = YES_ERROR;
				CLANG_WARN_DOCUMENTATION_COMMENTS = YES;
				CLANG_WARN_EMPTY_BODY = YES;
				CLANG_WARN_ENUM_CONVERSION = YES;
				CLANG_WARN_INFINITE_RECURSION = YES;
				CLANG_WARN_INT_CONVERSION = YES;
				CLANG_WARN_NON_LITERAL_NULL_CONVERSION = YES;
				CLANG_WARN_OBJC_IMPLICIT_RETAIN_SELF = YES;
				CLANG_WARN_OBJC_LITERAL_CONVERSION = YES;
				CLANG_WARN_OBJC_ROOT_CLASS = YES_ERROR;
				CLANG_WARN_RANGE_LOOP_ANALYSIS = YES;
				CLANG_WARN_STRICT_PROTOTYPES = YES;
				CLANG_WARN_SUSPICIOUS_MOVE = YES;
				CLANG_WARN_UNGUARDED_AVAILABILITY = YES_AGGRESSIVE;
				CLANG_WARN_UNREACHABLE_CODE = YES;
				CLANG_WARN__DUPLICATE_METHOD_MATCH = YES;
				COPY_PHASE_STRIP = NO;
				DEBUG_INFORMATION_FORMAT = dwarf;
				ENABLE_STRICT_OBJC_MSGSEND = YES;
				ENABLE_TESTABILITY = YES;
				GCC_C_LANGUAGE_STANDARD = gnu11;
				GCC_DYNAMIC_NO_PIC = NO;
				GCC_NO_COMMON_BLOCKS = YES;
				GCC_OPTIMIZATION_LEVEL = 0;
				GCC_PREPROCESSOR_DEFINITIONS = (
					"DEBUG=1",
					"$(inherited)",
				);
				GCC_WARN_64_TO_32_BIT_CONVERSION = YES;
				GCC_WARN_ABOUT_RETURN_TYPE = YES_ERROR;
				GCC_WARN_UNDECLARED_SELECTOR = YES;
				GCC_WARN_UNINITIALIZED_AUTOS = YES_AGGRESSIVE;
				GCC_WARN_UNUSED_FUNCTION = YES;
				GCC_WARN_UNUSED_VARIABLE = YES;
				IPHONEOS_DEPLOYMENT_TARGET = 13.6;
				MTL_ENABLE_DEBUG_INFO = INCLUDE_SOURCE;
				MTL_FAST_MATH = YES;
				ONLY_ACTIVE_ARCH = YES;
				SDKROOT = iphoneos;
				SWIFT_ACTIVE_COMPILATION_CONDITIONS = DEBUG;
				SWIFT_OPTIMIZATION_LEVEL = "-Onone";
			};
			name = Debug;
		};
		838BC0AB24E45A0300CDFC0F /* Release */ = {
			isa = XCBuildConfiguration;
			buildSettings = {
				ALWAYS_SEARCH_USER_PATHS = NO;
				CLANG_ANALYZER_NONNULL = YES;
				CLANG_ANALYZER_NUMBER_OBJECT_CONVERSION = YES_AGGRESSIVE;
				CLANG_CXX_LANGUAGE_STANDARD = "gnu++14";
				CLANG_CXX_LIBRARY = "libc++";
				CLANG_ENABLE_MODULES = YES;
				CLANG_ENABLE_OBJC_ARC = YES;
				CLANG_ENABLE_OBJC_WEAK = YES;
				CLANG_WARN_BLOCK_CAPTURE_AUTORELEASING = YES;
				CLANG_WARN_BOOL_CONVERSION = YES;
				CLANG_WARN_COMMA = YES;
				CLANG_WARN_CONSTANT_CONVERSION = YES;
				CLANG_WARN_DEPRECATED_OBJC_IMPLEMENTATIONS = YES;
				CLANG_WARN_DIRECT_OBJC_ISA_USAGE = YES_ERROR;
				CLANG_WARN_DOCUMENTATION_COMMENTS = YES;
				CLANG_WARN_EMPTY_BODY = YES;
				CLANG_WARN_ENUM_CONVERSION = YES;
				CLANG_WARN_INFINITE_RECURSION = YES;
				CLANG_WARN_INT_CONVERSION = YES;
				CLANG_WARN_NON_LITERAL_NULL_CONVERSION = YES;
				CLANG_WARN_OBJC_IMPLICIT_RETAIN_SELF = YES;
				CLANG_WARN_OBJC_LITERAL_CONVERSION = YES;
				CLANG_WARN_OBJC_ROOT_CLASS = YES_ERROR;
				CLANG_WARN_RANGE_LOOP_ANALYSIS = YES;
				CLANG_WARN_STRICT_PROTOTYPES = YES;
				CLANG_WARN_SUSPICIOUS_MOVE = YES;
				CLANG_WARN_UNGUARDED_AVAILABILITY = YES_AGGRESSIVE;
				CLANG_WARN_UNREACHABLE_CODE = YES;
				CLANG_WARN__DUPLICATE_METHOD_MATCH = YES;
				COPY_PHASE_STRIP = NO;
				DEBUG_INFORMATION_FORMAT = "dwarf-with-dsym";
				ENABLE_NS_ASSERTIONS = NO;
				ENABLE_STRICT_OBJC_MSGSEND = YES;
				GCC_C_LANGUAGE_STANDARD = gnu11;
				GCC_NO_COMMON_BLOCKS = YES;
				GCC_WARN_64_TO_32_BIT_CONVERSION = YES;
				GCC_WARN_ABOUT_RETURN_TYPE = YES_ERROR;
				GCC_WARN_UNDECLARED_SELECTOR = YES;
				GCC_WARN_UNINITIALIZED_AUTOS = YES_AGGRESSIVE;
				GCC_WARN_UNUSED_FUNCTION = YES;
				GCC_WARN_UNUSED_VARIABLE = YES;
				IPHONEOS_DEPLOYMENT_TARGET = 13.6;
				MTL_ENABLE_DEBUG_INFO = NO;
				MTL_FAST_MATH = YES;
				SDKROOT = iphoneos;
				SWIFT_COMPILATION_MODE = wholemodule;
				SWIFT_OPTIMIZATION_LEVEL = "-O";
				VALIDATE_PRODUCT = YES;
			};
			name = Release;
		};
		838BC0AD24E45A0300CDFC0F /* Debug */ = {
			isa = XCBuildConfiguration;
			buildSettings = {
				CODE_SIGN_STYLE = Automatic;
				INFOPLIST_FILE = PurvaFreshiOSApp/Info.plist;
				LD_RUNPATH_SEARCH_PATHS = (
					"$(inherited)",
					"@executable_path/Frameworks",
				);
				PRODUCT_BUNDLE_IDENTIFIER = com.assignment.purvafresh.PurvaFreshiOSApp;
				PRODUCT_NAME = "$(TARGET_NAME)";
				SWIFT_VERSION = 5.0;
				TARGETED_DEVICE_FAMILY = "1,2";
			};
			name = Debug;
		};
		838BC0AE24E45A0300CDFC0F /* Release */ = {
			isa = XCBuildConfiguration;
			buildSettings = {
				CODE_SIGN_STYLE = Automatic;
				INFOPLIST_FILE = PurvaFreshiOSApp/Info.plist;
				LD_RUNPATH_SEARCH_PATHS = (
					"$(inherited)",
					"@executable_path/Frameworks",
				);
				PRODUCT_BUNDLE_IDENTIFIER = com.assignment.purvafresh.PurvaFreshiOSApp;
				PRODUCT_NAME = "$(TARGET_NAME)";
				SWIFT_VERSION = 5.0;
				TARGETED_DEVICE_FAMILY = "1,2";
			};
			name = Release;
		};
		838BC0B024E45A0300CDFC0F /* Debug */ = {
			isa = XCBuildConfiguration;
			buildSettings = {
				ALWAYS_EMBED_SWIFT_STANDARD_LIBRARIES = YES;
				BUNDLE_LOADER = "$(TEST_HOST)";
				CODE_SIGN_STYLE = Automatic;
				INFOPLIST_FILE = PurvaFreshiOSAppTests/Info.plist;
				IPHONEOS_DEPLOYMENT_TARGET = 13.6;
				LD_RUNPATH_SEARCH_PATHS = (
					"$(inherited)",
					"@executable_path/Frameworks",
					"@loader_path/Frameworks",
				);
				PRODUCT_BUNDLE_IDENTIFIER = com.assignment.purvafresh.PurvaFreshiOSAppTests;
				PRODUCT_NAME = "$(TARGET_NAME)";
				SWIFT_VERSION = 5.0;
				TARGETED_DEVICE_FAMILY = "1,2";
				TEST_HOST = "$(BUILT_PRODUCTS_DIR)/PurvaFreshiOSApp.app/PurvaFreshiOSApp";
			};
			name = Debug;
		};
		838BC0B124E45A0300CDFC0F /* Release */ = {
			isa = XCBuildConfiguration;
			buildSettings = {
				ALWAYS_EMBED_SWIFT_STANDARD_LIBRARIES = YES;
				BUNDLE_LOADER = "$(TEST_HOST)";
				CODE_SIGN_STYLE = Automatic;
				INFOPLIST_FILE = PurvaFreshiOSAppTests/Info.plist;
				IPHONEOS_DEPLOYMENT_TARGET = 13.6;
				LD_RUNPATH_SEARCH_PATHS = (
					"$(inherited)",
					"@executable_path/Frameworks",
					"@loader_path/Frameworks",
				);
				PRODUCT_BUNDLE_IDENTIFIER = com.assignment.purvafresh.PurvaFreshiOSAppTests;
				PRODUCT_NAME = "$(TARGET_NAME)";
				SWIFT_VERSION = 5.0;
				TARGETED_DEVICE_FAMILY = "1,2";
				TEST_HOST = "$(BUILT_PRODUCTS_DIR)/PurvaFreshiOSApp.app/PurvaFreshiOSApp";
			};
			name = Release;
		};
		838BC0B324E45A0300CDFC0F /* Debug */ = {
			isa = XCBuildConfiguration;
			buildSettings = {
				ALWAYS_EMBED_SWIFT_STANDARD_LIBRARIES = YES;
				CODE_SIGN_STYLE = Automatic;
				INFOPLIST_FILE = PurvaFreshiOSAppUITests/Info.plist;
				LD_RUNPATH_SEARCH_PATHS = (
					"$(inherited)",
					"@executable_path/Frameworks",
					"@loader_path/Frameworks",
				);
				PRODUCT_BUNDLE_IDENTIFIER = com.assignment.purvafresh.PurvaFreshiOSAppUITests;
				PRODUCT_NAME = "$(TARGET_NAME)";
				SWIFT_VERSION = 5.0;
				TARGETED_DEVICE_FAMILY = "1,2";
				TEST_TARGET_NAME = PurvaFreshiOSApp;
			};
			name = Debug;
		};
		838BC0B424E45A0300CDFC0F /* Release */ = {
			isa = XCBuildConfiguration;
			buildSettings = {
				ALWAYS_EMBED_SWIFT_STANDARD_LIBRARIES = YES;
				CODE_SIGN_STYLE = Automatic;
				INFOPLIST_FILE = PurvaFreshiOSAppUITests/Info.plist;
				LD_RUNPATH_SEARCH_PATHS = (
					"$(inherited)",
					"@executable_path/Frameworks",
					"@loader_path/Frameworks",
				);
				PRODUCT_BUNDLE_IDENTIFIER = com.assignment.purvafresh.PurvaFreshiOSAppUITests;
				PRODUCT_NAME = "$(TARGET_NAME)";
				SWIFT_VERSION = 5.0;
				TARGETED_DEVICE_FAMILY = "1,2";
				TEST_TARGET_NAME = PurvaFreshiOSApp;
			};
			name = Release;
		};
/* End XCBuildConfiguration section */

/* Begin XCConfigurationList section */
		838BC07D24E45A0100CDFC0F /* Build configuration list for PBXProject "PurvaFreshiOSApp" */ = {
			isa = XCConfigurationList;
			buildConfigurations = (
				838BC0AA24E45A0300CDFC0F /* Debug */,
				838BC0AB24E45A0300CDFC0F /* Release */,
			);
			defaultConfigurationIsVisible = 0;
			defaultConfigurationName = Release;
		};
		838BC0AC24E45A0300CDFC0F /* Build configuration list for PBXNativeTarget "PurvaFreshiOSApp" */ = {
			isa = XCConfigurationList;
			buildConfigurations = (
				838BC0AD24E45A0300CDFC0F /* Debug */,
				838BC0AE24E45A0300CDFC0F /* Release */,
			);
			defaultConfigurationIsVisible = 0;
			defaultConfigurationName = Release;
		};
		838BC0AF24E45A0300CDFC0F /* Build configuration list for PBXNativeTarget "PurvaFreshiOSAppTests" */ = {
			isa = XCConfigurationList;
			buildConfigurations = (
				838BC0B024E45A0300CDFC0F /* Debug */,
				838BC0B124E45A0300CDFC0F /* Release */,
			);
			defaultConfigurationIsVisible = 0;
			defaultConfigurationName = Release;
		};
		838BC0B224E45A0300CDFC0F /* Build configuration list for PBXNativeTarget "PurvaFreshiOSAppUITests" */ = {
			isa = XCConfigurationList;
			buildConfigurations = (
				838BC0B324E45A0300CDFC0F /* Debug */,
				838BC0B424E45A0300CDFC0F /* Release */,
			);
			defaultConfigurationIsVisible = 0;
			defaultConfigurationName = Release;
		};
/* End XCConfigurationList section */
	};
	rootObject = 838BC07A24E45A0100CDFC0F /* Project object */;
}
